// !$*UTF8*$!
{
	archiveVersion = 1;
	classes = {
	};
	objectVersion = 45;
	objects = {

/* Begin PBXBuildFile section */
		3A1E98AB0FFE1B5C00312CBC /* CFNetwork.framework in Frameworks */ = {isa = PBXBuildFile; fileRef = 3A1E98AA0FFE1B5C00312CBC /* CFNetwork.framework */; };
		3A1E98AD0FFE1B5C00312CBC /* CoreData.framework in Frameworks */ = {isa = PBXBuildFile; fileRef = 3A1E98AC0FFE1B5C00312CBC /* CoreData.framework */; };
		3A1E98AF0FFE1B5C00312CBC /* CoreFoundation.framework in Frameworks */ = {isa = PBXBuildFile; fileRef = 3A1E98AE0FFE1B5C00312CBC /* CoreFoundation.framework */; };
		3A1E98B10FFE1B5C00312CBC /* CoreLocation.framework in Frameworks */ = {isa = PBXBuildFile; fileRef = 3A1E98B00FFE1B5C00312CBC /* CoreLocation.framework */; };
		3A1E98B30FFE1B5C00312CBC /* MapKit.framework in Frameworks */ = {isa = PBXBuildFile; fileRef = 3A1E98B20FFE1B5C00312CBC /* MapKit.framework */; };
		3A1E98B50FFE1B5C00312CBC /* QuartzCore.framework in Frameworks */ = {isa = PBXBuildFile; fileRef = 3A1E98B40FFE1B5C00312CBC /* QuartzCore.framework */; };
		3A1E98B70FFE1B5C00312CBC /* SystemConfiguration.framework in Frameworks */ = {isa = PBXBuildFile; fileRef = 3A1E98B60FFE1B5C00312CBC /* SystemConfiguration.framework */; };
		3A1E98B90FFE1B5C00312CBC /* UIKit.framework in Frameworks */ = {isa = PBXBuildFile; fileRef = 3A1E98B80FFE1B5C00312CBC /* UIKit.framework */; };
		3A1E9BB50FFE30C500312CBC /* Base64.h in Headers */ = {isa = PBXBuildFile; fileRef = 3A1E9B9B0FFE30C500312CBC /* Base64.h */; };
		3A1E9BB60FFE30C500312CBC /* Base64.m in Sources */ = {isa = PBXBuildFile; fileRef = 3A1E9B9C0FFE30C500312CBC /* Base64.m */; };
		3A1E9BB70FFE30C500312CBC /* BaseFetchedTableViewController.h in Headers */ = {isa = PBXBuildFile; fileRef = 3A1E9B9D0FFE30C500312CBC /* BaseFetchedTableViewController.h */; };
		3A1E9BB80FFE30C500312CBC /* BaseFetchedTableViewController.m in Sources */ = {isa = PBXBuildFile; fileRef = 3A1E9B9E0FFE30C500312CBC /* BaseFetchedTableViewController.m */; };
		3A1E9BB90FFE30C500312CBC /* BaseFetchedViewController.h in Headers */ = {isa = PBXBuildFile; fileRef = 3A1E9B9F0FFE30C500312CBC /* BaseFetchedViewController.h */; };
		3A1E9BBA0FFE30C500312CBC /* BaseFetchedViewController.m in Sources */ = {isa = PBXBuildFile; fileRef = 3A1E9BA00FFE30C500312CBC /* BaseFetchedViewController.m */; };
		3A1E9BBB0FFE30C500312CBC /* BaseTableViewController.h in Headers */ = {isa = PBXBuildFile; fileRef = 3A1E9BA10FFE30C500312CBC /* BaseTableViewController.h */; };
		3A1E9BBC0FFE30C500312CBC /* BaseTableViewController.m in Sources */ = {isa = PBXBuildFile; fileRef = 3A1E9BA20FFE30C500312CBC /* BaseTableViewController.m */; };
		3A1E9BBD0FFE30C500312CBC /* BaseViewController.h in Headers */ = {isa = PBXBuildFile; fileRef = 3A1E9BA30FFE30C500312CBC /* BaseViewController.h */; };
		3A1E9BBE0FFE30C500312CBC /* BaseViewController.m in Sources */ = {isa = PBXBuildFile; fileRef = 3A1E9BA40FFE30C500312CBC /* BaseViewController.m */; };
		3A1E9BBF0FFE30C500312CBC /* CoreDataDefaultOperation.h in Headers */ = {isa = PBXBuildFile; fileRef = 3A1E9BA50FFE30C500312CBC /* CoreDataDefaultOperation.h */; };
		3A1E9BC00FFE30C500312CBC /* CoreDataDefaultOperation.m in Sources */ = {isa = PBXBuildFile; fileRef = 3A1E9BA60FFE30C500312CBC /* CoreDataDefaultOperation.m */; };
		3A1E9BC10FFE30C500312CBC /* CoreDataUtils.h in Headers */ = {isa = PBXBuildFile; fileRef = 3A1E9BA70FFE30C500312CBC /* CoreDataUtils.h */; };
		3A1E9BC20FFE30C500312CBC /* CoreDataUtils.m in Sources */ = {isa = PBXBuildFile; fileRef = 3A1E9BA80FFE30C500312CBC /* CoreDataUtils.m */; };
		3A1E9BC30FFE30C500312CBC /* DefaultOperation.h in Headers */ = {isa = PBXBuildFile; fileRef = 3A1E9BA90FFE30C500312CBC /* DefaultOperation.h */; };
		3A1E9BC40FFE30C500312CBC /* DefaultOperation.m in Sources */ = {isa = PBXBuildFile; fileRef = 3A1E9BAA0FFE30C500312CBC /* DefaultOperation.m */; };
		3A1E9BC50FFE30C500312CBC /* GloballyUniquePathStringAdditions.h in Headers */ = {isa = PBXBuildFile; fileRef = 3A1E9BAB0FFE30C500312CBC /* GloballyUniquePathStringAdditions.h */; };
		3A1E9BC60FFE30C500312CBC /* GloballyUniquePathStringAdditions.m in Sources */ = {isa = PBXBuildFile; fileRef = 3A1E9BAC0FFE30C500312CBC /* GloballyUniquePathStringAdditions.m */; };
		3A1E9BC70FFE30C500312CBC /* mk.h in Headers */ = {isa = PBXBuildFile; fileRef = 3A1E9BAD0FFE30C500312CBC /* mk.h */; };
		3A1E9BC80FFE30C500312CBC /* mk.m in Sources */ = {isa = PBXBuildFile; fileRef = 3A1E9BAE0FFE30C500312CBC /* mk.m */; };
		3A1E9BC90FFE30C500312CBC /* MyLocationGetter.h in Headers */ = {isa = PBXBuildFile; fileRef = 3A1E9BAF0FFE30C500312CBC /* MyLocationGetter.h */; };
		3A1E9BCA0FFE30C500312CBC /* MyLocationGetter.m in Sources */ = {isa = PBXBuildFile; fileRef = 3A1E9BB00FFE30C500312CBC /* MyLocationGetter.m */; };
		3A1E9BCB0FFE30C500312CBC /* NSHTTPCookieAdditions.h in Headers */ = {isa = PBXBuildFile; fileRef = 3A1E9BB10FFE30C500312CBC /* NSHTTPCookieAdditions.h */; };
		3A1E9BCC0FFE30C500312CBC /* NSHTTPCookieAdditions.m in Sources */ = {isa = PBXBuildFile; fileRef = 3A1E9BB20FFE30C500312CBC /* NSHTTPCookieAdditions.m */; };
		3A1E9BCD0FFE30C500312CBC /* Reachability.h in Headers */ = {isa = PBXBuildFile; fileRef = 3A1E9BB30FFE30C500312CBC /* Reachability.h */; };
		3A1E9BCE0FFE30C500312CBC /* Reachability.m in Sources */ = {isa = PBXBuildFile; fileRef = 3A1E9BB40FFE30C500312CBC /* Reachability.m */; };
		3A1E9C7D0FFE37D000312CBC /* BaseDataSource.h in Headers */ = {isa = PBXBuildFile; fileRef = 3A1E9C7B0FFE37D000312CBC /* BaseDataSource.h */; };
		3A1E9C7E0FFE37D000312CBC /* BaseDataSource.m in Sources */ = {isa = PBXBuildFile; fileRef = 3A1E9C7C0FFE37D000312CBC /* BaseDataSource.m */; };
		AA747D9F0F9514B9006C5449 /* ObjectiveDump_Prefix.pch in Headers */ = {isa = PBXBuildFile; fileRef = AA747D9E0F9514B9006C5449 /* ObjectiveDump_Prefix.pch */; };
		AACBBE4A0F95108600F1A2B1 /* Foundation.framework in Frameworks */ = {isa = PBXBuildFile; fileRef = AACBBE490F95108600F1A2B1 /* Foundation.framework */; };
/* End PBXBuildFile section */

/* Begin PBXFileReference section */
		3A1E98AA0FFE1B5C00312CBC /* CFNetwork.framework */ = {isa = PBXFileReference; lastKnownFileType = wrapper.framework; name = CFNetwork.framework; path = System/Library/Frameworks/CFNetwork.framework; sourceTree = SDKROOT; };
		3A1E98AC0FFE1B5C00312CBC /* CoreData.framework */ = {isa = PBXFileReference; lastKnownFileType = wrapper.framework; name = CoreData.framework; path = System/Library/Frameworks/CoreData.framework; sourceTree = SDKROOT; };
		3A1E98AE0FFE1B5C00312CBC /* CoreFoundation.framework */ = {isa = PBXFileReference; lastKnownFileType = wrapper.framework; name = CoreFoundation.framework; path = System/Library/Frameworks/CoreFoundation.framework; sourceTree = SDKROOT; };
		3A1E98B00FFE1B5C00312CBC /* CoreLocation.framework */ = {isa = PBXFileReference; lastKnownFileType = wrapper.framework; name = CoreLocation.framework; path = System/Library/Frameworks/CoreLocation.framework; sourceTree = SDKROOT; };
		3A1E98B20FFE1B5C00312CBC /* MapKit.framework */ = {isa = PBXFileReference; lastKnownFileType = wrapper.framework; name = MapKit.framework; path = System/Library/Frameworks/MapKit.framework; sourceTree = SDKROOT; };
		3A1E98B40FFE1B5C00312CBC /* QuartzCore.framework */ = {isa = PBXFileReference; lastKnownFileType = wrapper.framework; name = QuartzCore.framework; path = System/Library/Frameworks/QuartzCore.framework; sourceTree = SDKROOT; };
		3A1E98B60FFE1B5C00312CBC /* SystemConfiguration.framework */ = {isa = PBXFileReference; lastKnownFileType = wrapper.framework; name = SystemConfiguration.framework; path = System/Library/Frameworks/SystemConfiguration.framework; sourceTree = SDKROOT; };
		3A1E98B80FFE1B5C00312CBC /* UIKit.framework */ = {isa = PBXFileReference; lastKnownFileType = wrapper.framework; name = UIKit.framework; path = System/Library/Frameworks/UIKit.framework; sourceTree = SDKROOT; };
		3A1E9B9B0FFE30C500312CBC /* Base64.h */ = {isa = PBXFileReference; fileEncoding = 4; lastKnownFileType = sourcecode.c.h; name = Base64.h; path = Main/OD/Base64.h; sourceTree = "<group>"; };
		3A1E9B9C0FFE30C500312CBC /* Base64.m */ = {isa = PBXFileReference; fileEncoding = 4; lastKnownFileType = sourcecode.c.objc; name = Base64.m; path = Main/OD/Base64.m; sourceTree = "<group>"; };
		3A1E9B9D0FFE30C500312CBC /* BaseFetchedTableViewController.h */ = {isa = PBXFileReference; fileEncoding = 4; lastKnownFileType = sourcecode.c.h; name = BaseFetchedTableViewController.h; path = Main/OD/BaseFetchedTableViewController.h; sourceTree = "<group>"; };
		3A1E9B9E0FFE30C500312CBC /* BaseFetchedTableViewController.m */ = {isa = PBXFileReference; fileEncoding = 4; lastKnownFileType = sourcecode.c.objc; name = BaseFetchedTableViewController.m; path = Main/OD/BaseFetchedTableViewController.m; sourceTree = "<group>"; };
		3A1E9B9F0FFE30C500312CBC /* BaseFetchedViewController.h */ = {isa = PBXFileReference; fileEncoding = 4; lastKnownFileType = sourcecode.c.h; name = BaseFetchedViewController.h; path = Main/OD/BaseFetchedViewController.h; sourceTree = "<group>"; };
		3A1E9BA00FFE30C500312CBC /* BaseFetchedViewController.m */ = {isa = PBXFileReference; fileEncoding = 4; lastKnownFileType = sourcecode.c.objc; name = BaseFetchedViewController.m; path = Main/OD/BaseFetchedViewController.m; sourceTree = "<group>"; };
		3A1E9BA10FFE30C500312CBC /* BaseTableViewController.h */ = {isa = PBXFileReference; fileEncoding = 4; lastKnownFileType = sourcecode.c.h; name = BaseTableViewController.h; path = Main/OD/BaseTableViewController.h; sourceTree = "<group>"; };
		3A1E9BA20FFE30C500312CBC /* BaseTableViewController.m */ = {isa = PBXFileReference; fileEncoding = 4; lastKnownFileType = sourcecode.c.objc; name = BaseTableViewController.m; path = Main/OD/BaseTableViewController.m; sourceTree = "<group>"; };
		3A1E9BA30FFE30C500312CBC /* BaseViewController.h */ = {isa = PBXFileReference; fileEncoding = 4; lastKnownFileType = sourcecode.c.h; name = BaseViewController.h; path = Main/OD/BaseViewController.h; sourceTree = "<group>"; };
		3A1E9BA40FFE30C500312CBC /* BaseViewController.m */ = {isa = PBXFileReference; fileEncoding = 4; lastKnownFileType = sourcecode.c.objc; name = BaseViewController.m; path = Main/OD/BaseViewController.m; sourceTree = "<group>"; };
		3A1E9BA50FFE30C500312CBC /* CoreDataDefaultOperation.h */ = {isa = PBXFileReference; fileEncoding = 4; lastKnownFileType = sourcecode.c.h; name = CoreDataDefaultOperation.h; path = Main/OD/CoreDataDefaultOperation.h; sourceTree = "<group>"; };
		3A1E9BA60FFE30C500312CBC /* CoreDataDefaultOperation.m */ = {isa = PBXFileReference; fileEncoding = 4; lastKnownFileType = sourcecode.c.objc; name = CoreDataDefaultOperation.m; path = Main/OD/CoreDataDefaultOperation.m; sourceTree = "<group>"; };
		3A1E9BA70FFE30C500312CBC /* CoreDataUtils.h */ = {isa = PBXFileReference; fileEncoding = 4; lastKnownFileType = sourcecode.c.h; name = CoreDataUtils.h; path = Main/OD/CoreDataUtils.h; sourceTree = "<group>"; };
		3A1E9BA80FFE30C500312CBC /* CoreDataUtils.m */ = {isa = PBXFileReference; fileEncoding = 4; lastKnownFileType = sourcecode.c.objc; name = CoreDataUtils.m; path = Main/OD/CoreDataUtils.m; sourceTree = "<group>"; };
		3A1E9BA90FFE30C500312CBC /* DefaultOperation.h */ = {isa = PBXFileReference; fileEncoding = 4; lastKnownFileType = sourcecode.c.h; name = DefaultOperation.h; path = Main/OD/DefaultOperation.h; sourceTree = "<group>"; };
		3A1E9BAA0FFE30C500312CBC /* DefaultOperation.m */ = {isa = PBXFileReference; fileEncoding = 4; lastKnownFileType = sourcecode.c.objc; name = DefaultOperation.m; path = Main/OD/DefaultOperation.m; sourceTree = "<group>"; };
		3A1E9BAB0FFE30C500312CBC /* GloballyUniquePathStringAdditions.h */ = {isa = PBXFileReference; fileEncoding = 4; lastKnownFileType = sourcecode.c.h; name = GloballyUniquePathStringAdditions.h; path = Main/OD/GloballyUniquePathStringAdditions.h; sourceTree = "<group>"; };
		3A1E9BAC0FFE30C500312CBC /* GloballyUniquePathStringAdditions.m */ = {isa = PBXFileReference; fileEncoding = 4; lastKnownFileType = sourcecode.c.objc; name = GloballyUniquePathStringAdditions.m; path = Main/OD/GloballyUniquePathStringAdditions.m; sourceTree = "<group>"; };
		3A1E9BAD0FFE30C500312CBC /* mk.h */ = {isa = PBXFileReference; fileEncoding = 4; lastKnownFileType = sourcecode.c.h; name = mk.h; path = Main/OD/mk.h; sourceTree = "<group>"; };
		3A1E9BAE0FFE30C500312CBC /* mk.m */ = {isa = PBXFileReference; fileEncoding = 4; lastKnownFileType = sourcecode.c.objc; name = mk.m; path = Main/OD/mk.m; sourceTree = "<group>"; };
		3A1E9BAF0FFE30C500312CBC /* MyLocationGetter.h */ = {isa = PBXFileReference; fileEncoding = 4; lastKnownFileType = sourcecode.c.h; name = MyLocationGetter.h; path = Main/OD/MyLocationGetter.h; sourceTree = "<group>"; };
		3A1E9BB00FFE30C500312CBC /* MyLocationGetter.m */ = {isa = PBXFileReference; fileEncoding = 4; lastKnownFileType = sourcecode.c.objc; name = MyLocationGetter.m; path = Main/OD/MyLocationGetter.m; sourceTree = "<group>"; };
		3A1E9BB10FFE30C500312CBC /* NSHTTPCookieAdditions.h */ = {isa = PBXFileReference; fileEncoding = 4; lastKnownFileType = sourcecode.c.h; name = NSHTTPCookieAdditions.h; path = Main/OD/NSHTTPCookieAdditions.h; sourceTree = "<group>"; };
		3A1E9BB20FFE30C500312CBC /* NSHTTPCookieAdditions.m */ = {isa = PBXFileReference; fileEncoding = 4; lastKnownFileType = sourcecode.c.objc; name = NSHTTPCookieAdditions.m; path = Main/OD/NSHTTPCookieAdditions.m; sourceTree = "<group>"; };
		3A1E9BB30FFE30C500312CBC /* Reachability.h */ = {isa = PBXFileReference; fileEncoding = 4; lastKnownFileType = sourcecode.c.h; name = Reachability.h; path = Main/OD/Reachability.h; sourceTree = "<group>"; };
		3A1E9BB40FFE30C500312CBC /* Reachability.m */ = {isa = PBXFileReference; fileEncoding = 4; lastKnownFileType = sourcecode.c.objc; name = Reachability.m; path = Main/OD/Reachability.m; sourceTree = "<group>"; };
		3A1E9C7B0FFE37D000312CBC /* BaseDataSource.h */ = {isa = PBXFileReference; fileEncoding = 4; lastKnownFileType = sourcecode.c.h; name = BaseDataSource.h; path = Main/OD/BaseDataSource.h; sourceTree = "<group>"; };
		3A1E9C7C0FFE37D000312CBC /* BaseDataSource.m */ = {isa = PBXFileReference; fileEncoding = 4; lastKnownFileType = sourcecode.c.objc; name = BaseDataSource.m; path = Main/OD/BaseDataSource.m; sourceTree = "<group>"; };
		AA747D9E0F9514B9006C5449 /* ObjectiveDump_Prefix.pch */ = {isa = PBXFileReference; fileEncoding = 4; lastKnownFileType = sourcecode.c.h; path = ObjectiveDump_Prefix.pch; sourceTree = SOURCE_ROOT; };
		AACBBE490F95108600F1A2B1 /* Foundation.framework */ = {isa = PBXFileReference; lastKnownFileType = wrapper.framework; name = Foundation.framework; path = System/Library/Frameworks/Foundation.framework; sourceTree = SDKROOT; };
		D2AAC07E0554694100DB518D /* libObjectiveDump.a */ = {isa = PBXFileReference; explicitFileType = archive.ar; includeInIndex = 0; path = libObjectiveDump.a; sourceTree = BUILT_PRODUCTS_DIR; };
/* End PBXFileReference section */

/* Begin PBXFrameworksBuildPhase section */
		D2AAC07C0554694100DB518D /* Frameworks */ = {
			isa = PBXFrameworksBuildPhase;
			buildActionMask = 2147483647;
			files = (
				AACBBE4A0F95108600F1A2B1 /* Foundation.framework in Frameworks */,
				3A1E98AB0FFE1B5C00312CBC /* CFNetwork.framework in Frameworks */,
				3A1E98AD0FFE1B5C00312CBC /* CoreData.framework in Frameworks */,
				3A1E98AF0FFE1B5C00312CBC /* CoreFoundation.framework in Frameworks */,
				3A1E98B10FFE1B5C00312CBC /* CoreLocation.framework in Frameworks */,
				3A1E98B30FFE1B5C00312CBC /* MapKit.framework in Frameworks */,
				3A1E98B50FFE1B5C00312CBC /* QuartzCore.framework in Frameworks */,
				3A1E98B70FFE1B5C00312CBC /* SystemConfiguration.framework in Frameworks */,
				3A1E98B90FFE1B5C00312CBC /* UIKit.framework in Frameworks */,
			);
			runOnlyForDeploymentPostprocessing = 0;
		};
/* End PBXFrameworksBuildPhase section */

/* Begin PBXGroup section */
		034768DFFF38A50411DB9C8B /* Products */ = {
			isa = PBXGroup;
			children = (
				D2AAC07E0554694100DB518D /* libObjectiveDump.a */,
			);
			name = Products;
			sourceTree = "<group>";
		};
		0867D691FE84028FC02AAC07 /* ObjectiveDump */ = {
			isa = PBXGroup;
			children = (
				08FB77AEFE84172EC02AAC07 /* Classes */,
				32C88DFF0371C24200C91783 /* Other Sources */,
				0867D69AFE84028FC02AAC07 /* Frameworks */,
				034768DFFF38A50411DB9C8B /* Products */,
			);
			name = ObjectiveDump;
			sourceTree = "<group>";
		};
		0867D69AFE84028FC02AAC07 /* Frameworks */ = {
			isa = PBXGroup;
			children = (
				3A1E98B80FFE1B5C00312CBC /* UIKit.framework */,
				3A1E98B60FFE1B5C00312CBC /* SystemConfiguration.framework */,
				3A1E98B40FFE1B5C00312CBC /* QuartzCore.framework */,
				3A1E98B20FFE1B5C00312CBC /* MapKit.framework */,
				3A1E98B00FFE1B5C00312CBC /* CoreLocation.framework */,
				3A1E98AE0FFE1B5C00312CBC /* CoreFoundation.framework */,
				3A1E98AC0FFE1B5C00312CBC /* CoreData.framework */,
				3A1E98AA0FFE1B5C00312CBC /* CFNetwork.framework */,
				AACBBE490F95108600F1A2B1 /* Foundation.framework */,
			);
			name = Frameworks;
			sourceTree = "<group>";
		};
		08FB77AEFE84172EC02AAC07 /* Classes */ = {
			isa = PBXGroup;
			children = (
				3A1E98600FFE1A8300312CBC /* Source */,
			);
			name = Classes;
			sourceTree = "<group>";
		};
		32C88DFF0371C24200C91783 /* Other Sources */ = {
			isa = PBXGroup;
			children = (
				AA747D9E0F9514B9006C5449 /* ObjectiveDump_Prefix.pch */,
			);
			name = "Other Sources";
			sourceTree = "<group>";
		};
		3A1E98600FFE1A8300312CBC /* Source */ = {
			isa = PBXGroup;
			children = (
				3A1E9B980FFE307600312CBC /* Main */,
			);
			path = Source;
			sourceTree = "<group>";
		};
		3A1E9A620FFE2AE600312CBC /* Network */ = {
			isa = PBXGroup;
			children = (
				3A1E9C780FFE37C000312CBC /* DataSource */,
				3A1E9A670FFE2B1B00312CBC /* NSOperation */,
				3A1E9BB10FFE30C500312CBC /* NSHTTPCookieAdditions.h */,
				3A1E9BB20FFE30C500312CBC /* NSHTTPCookieAdditions.m */,
				3A1E9B9B0FFE30C500312CBC /* Base64.h */,
				3A1E9B9C0FFE30C500312CBC /* Base64.m */,
			);
			name = Network;
			path = ../..;
			sourceTree = "<group>";
		};
		3A1E9A650FFE2AFB00312CBC /* BaseControllers */ = {
			isa = PBXGroup;
			children = (
				3A1E9B9D0FFE30C500312CBC /* BaseFetchedTableViewController.h */,
				3A1E9B9E0FFE30C500312CBC /* BaseFetchedTableViewController.m */,
				3A1E9B9F0FFE30C500312CBC /* BaseFetchedViewController.h */,
				3A1E9BA00FFE30C500312CBC /* BaseFetchedViewController.m */,
				3A1E9BA10FFE30C500312CBC /* BaseTableViewController.h */,
				3A1E9BA20FFE30C500312CBC /* BaseTableViewController.m */,
				3A1E9BA30FFE30C500312CBC /* BaseViewController.h */,
				3A1E9BA40FFE30C500312CBC /* BaseViewController.m */,
			);
			name = BaseControllers;
			path = ../..;
			sourceTree = "<group>";
		};
		3A1E9A660FFE2B0B00312CBC /* CoreData */ = {
			isa = PBXGroup;
			children = (
				3A1E9BA70FFE30C500312CBC /* CoreDataUtils.h */,
				3A1E9BA80FFE30C500312CBC /* CoreDataUtils.m */,
			);
			name = CoreData;
			path = ../..;
			sourceTree = "<group>";
		};
		3A1E9A670FFE2B1B00312CBC /* NSOperation */ = {
			isa = PBXGroup;
			children = (
				3A1E9BA50FFE30C500312CBC /* CoreDataDefaultOperation.h */,
				3A1E9BA60FFE30C500312CBC /* CoreDataDefaultOperation.m */,
				3A1E9BA90FFE30C500312CBC /* DefaultOperation.h */,
				3A1E9BAA0FFE30C500312CBC /* DefaultOperation.m */,
			);
			name = NSOperation;
			sourceTree = "<group>";
		};
		3A1E9A680FFE2B3200312CBC /* Other */ = {
			isa = PBXGroup;
			children = (
				3A1E9BAB0FFE30C500312CBC /* GloballyUniquePathStringAdditions.h */,
				3A1E9BAC0FFE30C500312CBC /* GloballyUniquePathStringAdditions.m */,
				3A1E9BAD0FFE30C500312CBC /* mk.h */,
				3A1E9BAE0FFE30C500312CBC /* mk.m */,
			);
			name = Other;
			path = ../..;
			sourceTree = "<group>";
		};
		3A1E9A690FFE2B4600312CBC /* CoreLocation */ = {
			isa = PBXGroup;
			children = (
				3A1E9BAF0FFE30C500312CBC /* MyLocationGetter.h */,
				3A1E9BB00FFE30C500312CBC /* MyLocationGetter.m */,
			);
			name = CoreLocation;
			path = ../..;
			sourceTree = "<group>";
		};
		3A1E9A6A0FFE2B6000312CBC /* Reachability */ = {
			isa = PBXGroup;
			children = (
				3A1E9BB30FFE30C500312CBC /* Reachability.h */,
				3A1E9BB40FFE30C500312CBC /* Reachability.m */,
			);
			name = Reachability;
			path = ../..;
			sourceTree = "<group>";
		};
		3A1E9B980FFE307600312CBC /* Main */ = {
			isa = PBXGroup;
			children = (
				3A1E9B990FFE307600312CBC /* OD */,
			);
			path = Main;
			sourceTree = "<group>";
		};
		3A1E9B990FFE307600312CBC /* OD */ = {
			isa = PBXGroup;
			children = (
				3A1E9A6A0FFE2B6000312CBC /* Reachability */,
				3A1E9A690FFE2B4600312CBC /* CoreLocation */,
				3A1E9A680FFE2B3200312CBC /* Other */,
				3A1E9A660FFE2B0B00312CBC /* CoreData */,
				3A1E9A650FFE2AFB00312CBC /* BaseControllers */,
				3A1E9A620FFE2AE600312CBC /* Network */,
			);
			path = OD;
			sourceTree = "<group>";
		};
		3A1E9C780FFE37C000312CBC /* DataSource */ = {
			isa = PBXGroup;
			children = (
				3A1E9C7B0FFE37D000312CBC /* BaseDataSource.h */,
				3A1E9C7C0FFE37D000312CBC /* BaseDataSource.m */,
			);
			name = DataSource;
			sourceTree = "<group>";
		};
/* End PBXGroup section */

/* Begin PBXHeadersBuildPhase section */
		D2AAC07A0554694100DB518D /* Headers */ = {
			isa = PBXHeadersBuildPhase;
			buildActionMask = 2147483647;
			files = (
				AA747D9F0F9514B9006C5449 /* ObjectiveDump_Prefix.pch in Headers */,
				3A1E9BB50FFE30C500312CBC /* Base64.h in Headers */,
				3A1E9BB70FFE30C500312CBC /* BaseFetchedTableViewController.h in Headers */,
				3A1E9BB90FFE30C500312CBC /* BaseFetchedViewController.h in Headers */,
				3A1E9BBB0FFE30C500312CBC /* BaseTableViewController.h in Headers */,
				3A1E9BBD0FFE30C500312CBC /* BaseViewController.h in Headers */,
				3A1E9BBF0FFE30C500312CBC /* CoreDataDefaultOperation.h in Headers */,
				3A1E9BC10FFE30C500312CBC /* CoreDataUtils.h in Headers */,
				3A1E9BC30FFE30C500312CBC /* DefaultOperation.h in Headers */,
				3A1E9BC50FFE30C500312CBC /* GloballyUniquePathStringAdditions.h in Headers */,
				3A1E9BC70FFE30C500312CBC /* mk.h in Headers */,
				3A1E9BC90FFE30C500312CBC /* MyLocationGetter.h in Headers */,
				3A1E9BCB0FFE30C500312CBC /* NSHTTPCookieAdditions.h in Headers */,
				3A1E9BCD0FFE30C500312CBC /* Reachability.h in Headers */,
				3A1E9C7D0FFE37D000312CBC /* BaseDataSource.h in Headers */,
			);
			runOnlyForDeploymentPostprocessing = 0;
		};
/* End PBXHeadersBuildPhase section */

/* Begin PBXNativeTarget section */
		D2AAC07D0554694100DB518D /* ObjectiveDump */ = {
			isa = PBXNativeTarget;
			buildConfigurationList = 1DEB921E08733DC00010E9CD /* Build configuration list for PBXNativeTarget "ObjectiveDump" */;
			buildPhases = (
				D2AAC07A0554694100DB518D /* Headers */,
				D2AAC07B0554694100DB518D /* Sources */,
				D2AAC07C0554694100DB518D /* Frameworks */,
			);
			buildRules = (
			);
			dependencies = (
			);
			name = ObjectiveDump;
			productName = ObjectiveDump;
			productReference = D2AAC07E0554694100DB518D /* libObjectiveDump.a */;
			productType = "com.apple.product-type.library.static";
		};
/* End PBXNativeTarget section */

/* Begin PBXProject section */
		0867D690FE84028FC02AAC07 /* Project object */ = {
			isa = PBXProject;
			buildConfigurationList = 1DEB922208733DC00010E9CD /* Build configuration list for PBXProject "ObjectiveDump" */;
			compatibilityVersion = "Xcode 3.1";
			hasScannedForEncodings = 1;
			mainGroup = 0867D691FE84028FC02AAC07 /* ObjectiveDump */;
			productRefGroup = 034768DFFF38A50411DB9C8B /* Products */;
			projectDirPath = "";
			projectRoot = "";
			targets = (
				D2AAC07D0554694100DB518D /* ObjectiveDump */,
			);
		};
/* End PBXProject section */

/* Begin PBXSourcesBuildPhase section */
		D2AAC07B0554694100DB518D /* Sources */ = {
			isa = PBXSourcesBuildPhase;
			buildActionMask = 2147483647;
			files = (
				3A1E9BB60FFE30C500312CBC /* Base64.m in Sources */,
				3A1E9BB80FFE30C500312CBC /* BaseFetchedTableViewController.m in Sources */,
				3A1E9BBA0FFE30C500312CBC /* BaseFetchedViewController.m in Sources */,
				3A1E9BBC0FFE30C500312CBC /* BaseTableViewController.m in Sources */,
				3A1E9BBE0FFE30C500312CBC /* BaseViewController.m in Sources */,
				3A1E9BC00FFE30C500312CBC /* CoreDataDefaultOperation.m in Sources */,
				3A1E9BC20FFE30C500312CBC /* CoreDataUtils.m in Sources */,
				3A1E9BC40FFE30C500312CBC /* DefaultOperation.m in Sources */,
				3A1E9BC60FFE30C500312CBC /* GloballyUniquePathStringAdditions.m in Sources */,
				3A1E9BC80FFE30C500312CBC /* mk.m in Sources */,
				3A1E9BCA0FFE30C500312CBC /* MyLocationGetter.m in Sources */,
				3A1E9BCC0FFE30C500312CBC /* NSHTTPCookieAdditions.m in Sources */,
				3A1E9BCE0FFE30C500312CBC /* Reachability.m in Sources */,
				3A1E9C7E0FFE37D000312CBC /* BaseDataSource.m in Sources */,
			);
			runOnlyForDeploymentPostprocessing = 0;
		};
/* End PBXSourcesBuildPhase section */

/* Begin XCBuildConfiguration section */
		1DEB921F08733DC00010E9CD /* Debug */ = {
			isa = XCBuildConfiguration;
			buildSettings = {
				ALWAYS_SEARCH_USER_PATHS = NO;
				ARCHS = "$(ARCHS_STANDARD_32_BIT)";
				COPY_PHASE_STRIP = NO;
				DSTROOT = /tmp/ObjectiveDump.dst;
				GCC_DYNAMIC_NO_PIC = NO;
				GCC_ENABLE_FIX_AND_CONTINUE = YES;
				GCC_MODEL_TUNING = G5;
				GCC_OPTIMIZATION_LEVEL = 0;
				GCC_PRECOMPILE_PREFIX_HEADER = YES;
				GCC_PREFIX_HEADER = ObjectiveDump_Prefix.pch;
				INSTALL_PATH = /usr/local/lib;
				PRODUCT_NAME = ObjectiveDump;
			};
			name = Debug;
		};
		1DEB922008733DC00010E9CD /* Release */ = {
			isa = XCBuildConfiguration;
			buildSettings = {
				ALWAYS_SEARCH_USER_PATHS = NO;
				ARCHS = "$(ARCHS_STANDARD_32_BIT)";
				DSTROOT = /tmp/ObjectiveDump.dst;
				GCC_MODEL_TUNING = G5;
				GCC_PRECOMPILE_PREFIX_HEADER = YES;
				GCC_PREFIX_HEADER = ObjectiveDump_Prefix.pch;
				INSTALL_PATH = /usr/local/lib;
				PRODUCT_NAME = ObjectiveDump;
			};
			name = Release;
		};
		1DEB922308733DC00010E9CD /* Debug */ = {
			isa = XCBuildConfiguration;
			buildSettings = {
				ARCHS = "$(ARCHS_STANDARD_32_BIT)";
				GCC_C_LANGUAGE_STANDARD = c99;
				GCC_OPTIMIZATION_LEVEL = 0;
				GCC_WARN_ABOUT_RETURN_TYPE = YES;
				GCC_WARN_UNUSED_VARIABLE = YES;
				OTHER_LDFLAGS = "-ObjC";
				PREBINDING = NO;
				SDKROOT = iphoneos3.0;
			};
			name = Debug;
		};
		1DEB922408733DC00010E9CD /* Release */ = {
			isa = XCBuildConfiguration;
			buildSettings = {
				ARCHS = "$(ARCHS_STANDARD_32_BIT)";
				GCC_C_LANGUAGE_STANDARD = c99;
				GCC_WARN_ABOUT_RETURN_TYPE = YES;
				GCC_WARN_UNUSED_VARIABLE = YES;
				OTHER_LDFLAGS = "-ObjC";
				PREBINDING = NO;
				SDKROOT = iphoneos3.0;
			};
			name = Release;
		};
/* End XCBuildConfiguration section */

/* Begin XCConfigurationList section */
		1DEB921E08733DC00010E9CD /* Build configuration list for PBXNativeTarget "ObjectiveDump" */ = {
			isa = XCConfigurationList;
			buildConfigurations = (
				1DEB921F08733DC00010E9CD /* Debug */,
				1DEB922008733DC00010E9CD /* Release */,
			);
			defaultConfigurationIsVisible = 0;
			defaultConfigurationName = Release;
		};
		1DEB922208733DC00010E9CD /* Build configuration list for PBXProject "ObjectiveDump" */ = {
			isa = XCConfigurationList;
			buildConfigurations = (
				1DEB922308733DC00010E9CD /* Debug */,
				1DEB922408733DC00010E9CD /* Release */,
			);
			defaultConfigurationIsVisible = 0;
			defaultConfigurationName = Release;
		};
/* End XCConfigurationList section */
	};
	rootObject = 0867D690FE84028FC02AAC07 /* Project object */;
}
