// !$*UTF8*$!
{
	archiveVersion = 1;
	classes = {
	};
	objectVersion = 45;
	objects = {

/* Begin PBXBuildFile section */
		3A1E98AB0FFE1B5C00312CBC /* CFNetwork.framework in Frameworks */ = {isa = PBXBuildFile; fileRef = 3A1E98AA0FFE1B5C00312CBC /* CFNetwork.framework */; };
		3A1E98AD0FFE1B5C00312CBC /* CoreData.framework in Frameworks */ = {isa = PBXBuildFile; fileRef = 3A1E98AC0FFE1B5C00312CBC /* CoreData.framework */; };
		3A1E98AF0FFE1B5C00312CBC /* CoreFoundation.framework in Frameworks */ = {isa = PBXBuildFile; fileRef = 3A1E98AE0FFE1B5C00312CBC /* CoreFoundation.framework */; };
		3A1E98B10FFE1B5C00312CBC /* CoreLocation.framework in Frameworks */ = {isa = PBXBuildFile; fileRef = 3A1E98B00FFE1B5C00312CBC /* CoreLocation.framework */; };
		3A1E98B30FFE1B5C00312CBC /* MapKit.framework in Frameworks */ = {isa = PBXBuildFile; fileRef = 3A1E98B20FFE1B5C00312CBC /* MapKit.framework */; };
		3A1E98B50FFE1B5C00312CBC /* QuartzCore.framework in Frameworks */ = {isa = PBXBuildFile; fileRef = 3A1E98B40FFE1B5C00312CBC /* QuartzCore.framework */; };
		3A1E98B70FFE1B5C00312CBC /* SystemConfiguration.framework in Frameworks */ = {isa = PBXBuildFile; fileRef = 3A1E98B60FFE1B5C00312CBC /* SystemConfiguration.framework */; };
		3A1E98B90FFE1B5C00312CBC /* UIKit.framework in Frameworks */ = {isa = PBXBuildFile; fileRef = 3A1E98B80FFE1B5C00312CBC /* UIKit.framework */; };
		3A1E9BB50FFE30C500312CBC /* Base64.h in Headers */ = {isa = PBXBuildFile; fileRef = 3A1E9B9B0FFE30C500312CBC /* Base64.h */; };
		3A1E9BB60FFE30C500312CBC /* Base64.m in Sources */ = {isa = PBXBuildFile; fileRef = 3A1E9B9C0FFE30C500312CBC /* Base64.m */; };
		3A1E9BBB0FFE30C500312CBC /* BaseTableViewController.h in Headers */ = {isa = PBXBuildFile; fileRef = 3A1E9BA10FFE30C500312CBC /* BaseTableViewController.h */; };
		3A1E9BBC0FFE30C500312CBC /* BaseTableViewController.m in Sources */ = {isa = PBXBuildFile; fileRef = 3A1E9BA20FFE30C500312CBC /* BaseTableViewController.m */; };
		3A1E9BBD0FFE30C500312CBC /* BaseViewController.h in Headers */ = {isa = PBXBuildFile; fileRef = 3A1E9BA30FFE30C500312CBC /* BaseViewController.h */; };
		3A1E9BBE0FFE30C500312CBC /* BaseViewController.m in Sources */ = {isa = PBXBuildFile; fileRef = 3A1E9BA40FFE30C500312CBC /* BaseViewController.m */; };
		3A1E9BBF0FFE30C500312CBC /* CoreDataDefaultOperation.h in Headers */ = {isa = PBXBuildFile; fileRef = 3A1E9BA50FFE30C500312CBC /* CoreDataDefaultOperation.h */; };
		3A1E9BC00FFE30C500312CBC /* CoreDataDefaultOperation.m in Sources */ = {isa = PBXBuildFile; fileRef = 3A1E9BA60FFE30C500312CBC /* CoreDataDefaultOperation.m */; };
		3A1E9BC10FFE30C500312CBC /* CoreDataUtils.h in Headers */ = {isa = PBXBuildFile; fileRef = 3A1E9BA70FFE30C500312CBC /* CoreDataUtils.h */; };
		3A1E9BC20FFE30C500312CBC /* CoreDataUtils.m in Sources */ = {isa = PBXBuildFile; fileRef = 3A1E9BA80FFE30C500312CBC /* CoreDataUtils.m */; };
		3A1E9BC30FFE30C500312CBC /* DefaultOperation.h in Headers */ = {isa = PBXBuildFile; fileRef = 3A1E9BA90FFE30C500312CBC /* DefaultOperation.h */; };
		3A1E9BC40FFE30C500312CBC /* DefaultOperation.m in Sources */ = {isa = PBXBuildFile; fileRef = 3A1E9BAA0FFE30C500312CBC /* DefaultOperation.m */; };
		3A1E9BC50FFE30C500312CBC /* GloballyUniquePathStringAdditions.h in Headers */ = {isa = PBXBuildFile; fileRef = 3A1E9BAB0FFE30C500312CBC /* GloballyUniquePathStringAdditions.h */; };
		3A1E9BC60FFE30C500312CBC /* GloballyUniquePathStringAdditions.m in Sources */ = {isa = PBXBuildFile; fileRef = 3A1E9BAC0FFE30C500312CBC /* GloballyUniquePathStringAdditions.m */; };
		3A1E9BC70FFE30C500312CBC /* mk.h in Headers */ = {isa = PBXBuildFile; fileRef = 3A1E9BAD0FFE30C500312CBC /* mk.h */; };
		3A1E9BC80FFE30C500312CBC /* mk.m in Sources */ = {isa = PBXBuildFile; fileRef = 3A1E9BAE0FFE30C500312CBC /* mk.m */; };
		3A1E9BC90FFE30C500312CBC /* MyLocationGetter.h in Headers */ = {isa = PBXBuildFile; fileRef = 3A1E9BAF0FFE30C500312CBC /* MyLocationGetter.h */; };
		3A1E9BCA0FFE30C500312CBC /* MyLocationGetter.m in Sources */ = {isa = PBXBuildFile; fileRef = 3A1E9BB00FFE30C500312CBC /* MyLocationGetter.m */; };
		3A1E9BCB0FFE30C500312CBC /* NSHTTPCookieAdditions.h in Headers */ = {isa = PBXBuildFile; fileRef = 3A1E9BB10FFE30C500312CBC /* NSHTTPCookieAdditions.h */; };
		3A1E9BCC0FFE30C500312CBC /* NSHTTPCookieAdditions.m in Sources */ = {isa = PBXBuildFile; fileRef = 3A1E9BB20FFE30C500312CBC /* NSHTTPCookieAdditions.m */; };
		3A1E9BCD0FFE30C500312CBC /* ODReachability.h in Headers */ = {isa = PBXBuildFile; fileRef = 3A1E9BB30FFE30C500312CBC /* ODReachability.h */; };
		3A1E9BCE0FFE30C500312CBC /* ODReachability.m in Sources */ = {isa = PBXBuildFile; fileRef = 3A1E9BB40FFE30C500312CBC /* ODReachability.m */; };
		3A1E9C7D0FFE37D000312CBC /* BaseDataSource.h in Headers */ = {isa = PBXBuildFile; fileRef = 3A1E9C7B0FFE37D000312CBC /* BaseDataSource.h */; };
		3A1E9C7E0FFE37D000312CBC /* BaseDataSource.m in Sources */ = {isa = PBXBuildFile; fileRef = 3A1E9C7C0FFE37D000312CBC /* BaseDataSource.m */; };
		3A1EAAEB1002C7A100312CBC /* ODHeaderView.h in Headers */ = {isa = PBXBuildFile; fileRef = 3A1EAAE91002C7A100312CBC /* ODHeaderView.h */; };
		3A1EAAEC1002C7A100312CBC /* ODHeaderView.m in Sources */ = {isa = PBXBuildFile; fileRef = 3A1EAAEA1002C7A100312CBC /* ODHeaderView.m */; };
		3A4062C9102069DD004CCA4C /* ODNetworkManager.h in Headers */ = {isa = PBXBuildFile; fileRef = 3A4062C7102069DD004CCA4C /* ODNetworkManager.h */; };
		3A4062CA102069DD004CCA4C /* ODNetworkManager.m in Sources */ = {isa = PBXBuildFile; fileRef = 3A4062C8102069DD004CCA4C /* ODNetworkManager.m */; };
		3A4BC3D5101FD38F00551DED /* ODShowMoreCell.h in Headers */ = {isa = PBXBuildFile; fileRef = 3A4BC3D3101FD38F00551DED /* ODShowMoreCell.h */; };
		3A4BC3D6101FD38F00551DED /* ODShowMoreCell.m in Sources */ = {isa = PBXBuildFile; fileRef = 3A4BC3D4101FD38F00551DED /* ODShowMoreCell.m */; };
		3A94656C10437C1A008175DF /* BaseMapViewController.h in Headers */ = {isa = PBXBuildFile; fileRef = 3A94656810437C1A008175DF /* BaseMapViewController.h */; };
		3A94656D10437C1A008175DF /* BaseMapViewController.m in Sources */ = {isa = PBXBuildFile; fileRef = 3A94656910437C1A008175DF /* BaseMapViewController.m */; };
		3A94656E10437C1A008175DF /* BaseMapViewDataSource.h in Headers */ = {isa = PBXBuildFile; fileRef = 3A94656A10437C1A008175DF /* BaseMapViewDataSource.h */; };
		3A94656F10437C1A008175DF /* BaseMapViewDataSource.m in Sources */ = {isa = PBXBuildFile; fileRef = 3A94656B10437C1A008175DF /* BaseMapViewDataSource.m */; };
		3A94658B104381E5008175DF /* BasePinAnnotation.h in Headers */ = {isa = PBXBuildFile; fileRef = 3A946589104381E5008175DF /* BasePinAnnotation.h */; };
		3A94658C104381E5008175DF /* BasePinAnnotation.m in Sources */ = {isa = PBXBuildFile; fileRef = 3A94658A104381E5008175DF /* BasePinAnnotation.m */; };
		3A9DD6B21033B05D00FCF47C /* ODDataAdditions.h in Headers */ = {isa = PBXBuildFile; fileRef = 3A9DD6B01033B05D00FCF47C /* ODDataAdditions.h */; };
		3A9DD6B31033B05D00FCF47C /* ODDataAdditions.m in Sources */ = {isa = PBXBuildFile; fileRef = 3A9DD6B11033B05D00FCF47C /* ODDataAdditions.m */; };
		3A9DD6B71033B0DE00FCF47C /* libz.dylib in Frameworks */ = {isa = PBXBuildFile; fileRef = 3A9DD6B61033B0DE00FCF47C /* libz.dylib */; };
		3AD97CE61009B1490037DEC4 /* ODDateAdditions.h in Headers */ = {isa = PBXBuildFile; fileRef = 3AD97CE41009B1490037DEC4 /* ODDateAdditions.h */; };
		3AD97CE71009B1490037DEC4 /* ODDateAdditions.m in Sources */ = {isa = PBXBuildFile; fileRef = 3AD97CE51009B1490037DEC4 /* ODDateAdditions.m */; };
		3AD97DB41009C0610037DEC4 /* ODDateAdditions.m in Sources */ = {isa = PBXBuildFile; fileRef = 3AD97CE51009B1490037DEC4 /* ODDateAdditions.m */; };
		3AD97E251009F5F70037DEC4 /* ODDateAdditionsTests.m in Sources */ = {isa = PBXBuildFile; fileRef = 3AD97E241009F5F70037DEC4 /* ODDateAdditionsTests.m */; };
		3ADCDCE710198F7500657E4E /* TapDetectingView.h in Headers */ = {isa = PBXBuildFile; fileRef = 3ADCDCE510198F7500657E4E /* TapDetectingView.h */; };
		3ADCDCE810198F7500657E4E /* TapDetectingView.m in Sources */ = {isa = PBXBuildFile; fileRef = 3ADCDCE610198F7500657E4E /* TapDetectingView.m */; };
		3AE36326100AC7880005FBA3 /* ODLoadingView.m in Sources */ = {isa = PBXBuildFile; fileRef = 3AE36319100AC1820005FBA3 /* ODLoadingView.m */; };
		3AEA333D1031429C008D6BE1 /* ODStringAdditions.h in Headers */ = {isa = PBXBuildFile; fileRef = 3AEA333B1031429C008D6BE1 /* ODStringAdditions.h */; };
		3AEA333E1031429C008D6BE1 /* ODStringAdditions.m in Sources */ = {isa = PBXBuildFile; fileRef = 3AEA333C1031429C008D6BE1 /* ODStringAdditions.m */; };
		AA747D9F0F9514B9006C5449 /* ObjectiveDump_Prefix.pch in Headers */ = {isa = PBXBuildFile; fileRef = AA747D9E0F9514B9006C5449 /* ObjectiveDump_Prefix.pch */; };
		AACBBE4A0F95108600F1A2B1 /* Foundation.framework in Frameworks */ = {isa = PBXBuildFile; fileRef = AACBBE490F95108600F1A2B1 /* Foundation.framework */; };
/* End PBXBuildFile section */

/* Begin PBXFileReference section */
		3A0345DE1007747F00A89785 /* UnitTests-Info.plist */ = {isa = PBXFileReference; lastKnownFileType = text.plist.xml; path = "UnitTests-Info.plist"; sourceTree = "<group>"; };
		3A1E98AA0FFE1B5C00312CBC /* CFNetwork.framework */ = {isa = PBXFileReference; lastKnownFileType = wrapper.framework; name = CFNetwork.framework; path = System/Library/Frameworks/CFNetwork.framework; sourceTree = SDKROOT; };
		3A1E98AC0FFE1B5C00312CBC /* CoreData.framework */ = {isa = PBXFileReference; lastKnownFileType = wrapper.framework; name = CoreData.framework; path = System/Library/Frameworks/CoreData.framework; sourceTree = SDKROOT; };
		3A1E98AE0FFE1B5C00312CBC /* CoreFoundation.framework */ = {isa = PBXFileReference; lastKnownFileType = wrapper.framework; name = CoreFoundation.framework; path = System/Library/Frameworks/CoreFoundation.framework; sourceTree = SDKROOT; };
		3A1E98B00FFE1B5C00312CBC /* CoreLocation.framework */ = {isa = PBXFileReference; lastKnownFileType = wrapper.framework; name = CoreLocation.framework; path = System/Library/Frameworks/CoreLocation.framework; sourceTree = SDKROOT; };
		3A1E98B20FFE1B5C00312CBC /* MapKit.framework */ = {isa = PBXFileReference; lastKnownFileType = wrapper.framework; name = MapKit.framework; path = System/Library/Frameworks/MapKit.framework; sourceTree = SDKROOT; };
		3A1E98B40FFE1B5C00312CBC /* QuartzCore.framework */ = {isa = PBXFileReference; lastKnownFileType = wrapper.framework; name = QuartzCore.framework; path = System/Library/Frameworks/QuartzCore.framework; sourceTree = SDKROOT; };
		3A1E98B60FFE1B5C00312CBC /* SystemConfiguration.framework */ = {isa = PBXFileReference; lastKnownFileType = wrapper.framework; name = SystemConfiguration.framework; path = System/Library/Frameworks/SystemConfiguration.framework; sourceTree = SDKROOT; };
		3A1E98B80FFE1B5C00312CBC /* UIKit.framework */ = {isa = PBXFileReference; lastKnownFileType = wrapper.framework; name = UIKit.framework; path = System/Library/Frameworks/UIKit.framework; sourceTree = SDKROOT; };
		3A1E9B9B0FFE30C500312CBC /* Base64.h */ = {isa = PBXFileReference; fileEncoding = 4; lastKnownFileType = sourcecode.c.h; name = Base64.h; path = Main/OD/Base64.h; sourceTree = "<group>"; };
		3A1E9B9C0FFE30C500312CBC /* Base64.m */ = {isa = PBXFileReference; fileEncoding = 4; lastKnownFileType = sourcecode.c.objc; name = Base64.m; path = Main/OD/Base64.m; sourceTree = "<group>"; };
		3A1E9BA10FFE30C500312CBC /* BaseTableViewController.h */ = {isa = PBXFileReference; fileEncoding = 4; lastKnownFileType = sourcecode.c.h; name = BaseTableViewController.h; path = Main/OD/BaseTableViewController.h; sourceTree = "<group>"; };
		3A1E9BA20FFE30C500312CBC /* BaseTableViewController.m */ = {isa = PBXFileReference; fileEncoding = 4; lastKnownFileType = sourcecode.c.objc; name = BaseTableViewController.m; path = Main/OD/BaseTableViewController.m; sourceTree = "<group>"; };
		3A1E9BA30FFE30C500312CBC /* BaseViewController.h */ = {isa = PBXFileReference; fileEncoding = 4; lastKnownFileType = sourcecode.c.h; name = BaseViewController.h; path = Main/OD/BaseViewController.h; sourceTree = "<group>"; };
		3A1E9BA40FFE30C500312CBC /* BaseViewController.m */ = {isa = PBXFileReference; fileEncoding = 4; lastKnownFileType = sourcecode.c.objc; name = BaseViewController.m; path = Main/OD/BaseViewController.m; sourceTree = "<group>"; };
		3A1E9BA50FFE30C500312CBC /* CoreDataDefaultOperation.h */ = {isa = PBXFileReference; fileEncoding = 4; lastKnownFileType = sourcecode.c.h; name = CoreDataDefaultOperation.h; path = Main/OD/CoreDataDefaultOperation.h; sourceTree = "<group>"; };
		3A1E9BA60FFE30C500312CBC /* CoreDataDefaultOperation.m */ = {isa = PBXFileReference; fileEncoding = 4; lastKnownFileType = sourcecode.c.objc; name = CoreDataDefaultOperation.m; path = Main/OD/CoreDataDefaultOperation.m; sourceTree = "<group>"; };
		3A1E9BA70FFE30C500312CBC /* CoreDataUtils.h */ = {isa = PBXFileReference; fileEncoding = 4; lastKnownFileType = sourcecode.c.h; name = CoreDataUtils.h; path = Main/OD/CoreDataUtils.h; sourceTree = "<group>"; };
		3A1E9BA80FFE30C500312CBC /* CoreDataUtils.m */ = {isa = PBXFileReference; fileEncoding = 4; lastKnownFileType = sourcecode.c.objc; name = CoreDataUtils.m; path = Main/OD/CoreDataUtils.m; sourceTree = "<group>"; };
		3A1E9BA90FFE30C500312CBC /* DefaultOperation.h */ = {isa = PBXFileReference; fileEncoding = 4; lastKnownFileType = sourcecode.c.h; name = DefaultOperation.h; path = Main/OD/DefaultOperation.h; sourceTree = "<group>"; };
		3A1E9BAA0FFE30C500312CBC /* DefaultOperation.m */ = {isa = PBXFileReference; fileEncoding = 4; lastKnownFileType = sourcecode.c.objc; name = DefaultOperation.m; path = Main/OD/DefaultOperation.m; sourceTree = "<group>"; };
		3A1E9BAB0FFE30C500312CBC /* GloballyUniquePathStringAdditions.h */ = {isa = PBXFileReference; fileEncoding = 4; lastKnownFileType = sourcecode.c.h; path = GloballyUniquePathStringAdditions.h; sourceTree = "<group>"; };
		3A1E9BAC0FFE30C500312CBC /* GloballyUniquePathStringAdditions.m */ = {isa = PBXFileReference; fileEncoding = 4; lastKnownFileType = sourcecode.c.objc; path = GloballyUniquePathStringAdditions.m; sourceTree = "<group>"; };
		3A1E9BAD0FFE30C500312CBC /* mk.h */ = {isa = PBXFileReference; fileEncoding = 4; lastKnownFileType = sourcecode.c.h; name = mk.h; path = Main/OD/mk.h; sourceTree = "<group>"; };
		3A1E9BAE0FFE30C500312CBC /* mk.m */ = {isa = PBXFileReference; fileEncoding = 4; lastKnownFileType = sourcecode.c.objc; name = mk.m; path = Main/OD/mk.m; sourceTree = "<group>"; };
		3A1E9BAF0FFE30C500312CBC /* MyLocationGetter.h */ = {isa = PBXFileReference; fileEncoding = 4; lastKnownFileType = sourcecode.c.h; name = MyLocationGetter.h; path = Main/OD/MyLocationGetter.h; sourceTree = "<group>"; };
		3A1E9BB00FFE30C500312CBC /* MyLocationGetter.m */ = {isa = PBXFileReference; fileEncoding = 4; lastKnownFileType = sourcecode.c.objc; name = MyLocationGetter.m; path = Main/OD/MyLocationGetter.m; sourceTree = "<group>"; };
		3A1E9BB10FFE30C500312CBC /* NSHTTPCookieAdditions.h */ = {isa = PBXFileReference; fileEncoding = 4; lastKnownFileType = sourcecode.c.h; name = NSHTTPCookieAdditions.h; path = Main/OD/NSHTTPCookieAdditions.h; sourceTree = "<group>"; };
		3A1E9BB20FFE30C500312CBC /* NSHTTPCookieAdditions.m */ = {isa = PBXFileReference; fileEncoding = 4; lastKnownFileType = sourcecode.c.objc; name = NSHTTPCookieAdditions.m; path = Main/OD/NSHTTPCookieAdditions.m; sourceTree = "<group>"; };
		3A1E9BB30FFE30C500312CBC /* ODReachability.h */ = {isa = PBXFileReference; fileEncoding = 4; lastKnownFileType = sourcecode.c.h; name = ODReachability.h; path = Main/OD/ODReachability.h; sourceTree = "<group>"; };
		3A1E9BB40FFE30C500312CBC /* ODReachability.m */ = {isa = PBXFileReference; fileEncoding = 4; lastKnownFileType = sourcecode.c.objc; name = ODReachability.m; path = Main/OD/ODReachability.m; sourceTree = "<group>"; };
		3A1E9C7B0FFE37D000312CBC /* BaseDataSource.h */ = {isa = PBXFileReference; fileEncoding = 4; lastKnownFileType = sourcecode.c.h; name = BaseDataSource.h; path = Main/OD/BaseDataSource.h; sourceTree = "<group>"; };
		3A1E9C7C0FFE37D000312CBC /* BaseDataSource.m */ = {isa = PBXFileReference; fileEncoding = 4; lastKnownFileType = sourcecode.c.objc; name = BaseDataSource.m; path = Main/OD/BaseDataSource.m; sourceTree = "<group>"; };
		3A1EAAE91002C7A100312CBC /* ODHeaderView.h */ = {isa = PBXFileReference; fileEncoding = 4; lastKnownFileType = sourcecode.c.h; path = ODHeaderView.h; sourceTree = "<group>"; };
		3A1EAAEA1002C7A100312CBC /* ODHeaderView.m */ = {isa = PBXFileReference; fileEncoding = 4; lastKnownFileType = sourcecode.c.objc; path = ODHeaderView.m; sourceTree = "<group>"; };
		3A4062C7102069DD004CCA4C /* ODNetworkManager.h */ = {isa = PBXFileReference; fileEncoding = 4; lastKnownFileType = sourcecode.c.h; name = ODNetworkManager.h; path = Main/OD/ODNetworkManager.h; sourceTree = "<group>"; };
		3A4062C8102069DD004CCA4C /* ODNetworkManager.m */ = {isa = PBXFileReference; fileEncoding = 4; lastKnownFileType = sourcecode.c.objc; name = ODNetworkManager.m; path = Main/OD/ODNetworkManager.m; sourceTree = "<group>"; };
		3A4BC3D3101FD38F00551DED /* ODShowMoreCell.h */ = {isa = PBXFileReference; fileEncoding = 4; lastKnownFileType = sourcecode.c.h; path = ODShowMoreCell.h; sourceTree = "<group>"; };
		3A4BC3D4101FD38F00551DED /* ODShowMoreCell.m */ = {isa = PBXFileReference; fileEncoding = 4; lastKnownFileType = sourcecode.c.objc; path = ODShowMoreCell.m; sourceTree = "<group>"; };
		3A94656810437C1A008175DF /* BaseMapViewController.h */ = {isa = PBXFileReference; fileEncoding = 4; lastKnownFileType = sourcecode.c.h; name = BaseMapViewController.h; path = Main/OD/BaseMapViewController.h; sourceTree = "<group>"; };
		3A94656910437C1A008175DF /* BaseMapViewController.m */ = {isa = PBXFileReference; fileEncoding = 4; lastKnownFileType = sourcecode.c.objc; name = BaseMapViewController.m; path = Main/OD/BaseMapViewController.m; sourceTree = "<group>"; };
		3A94656A10437C1A008175DF /* BaseMapViewDataSource.h */ = {isa = PBXFileReference; fileEncoding = 4; lastKnownFileType = sourcecode.c.h; name = BaseMapViewDataSource.h; path = Main/OD/BaseMapViewDataSource.h; sourceTree = "<group>"; };
		3A94656B10437C1A008175DF /* BaseMapViewDataSource.m */ = {isa = PBXFileReference; fileEncoding = 4; lastKnownFileType = sourcecode.c.objc; name = BaseMapViewDataSource.m; path = Main/OD/BaseMapViewDataSource.m; sourceTree = "<group>"; };
		3A946589104381E5008175DF /* BasePinAnnotation.h */ = {isa = PBXFileReference; fileEncoding = 4; lastKnownFileType = sourcecode.c.h; name = BasePinAnnotation.h; path = Main/OD/BasePinAnnotation.h; sourceTree = "<group>"; };
		3A94658A104381E5008175DF /* BasePinAnnotation.m */ = {isa = PBXFileReference; fileEncoding = 4; lastKnownFileType = sourcecode.c.objc; name = BasePinAnnotation.m; path = Main/OD/BasePinAnnotation.m; sourceTree = "<group>"; };
		3A9DD6B01033B05D00FCF47C /* ODDataAdditions.h */ = {isa = PBXFileReference; fileEncoding = 4; lastKnownFileType = sourcecode.c.h; path = ODDataAdditions.h; sourceTree = "<group>"; };
		3A9DD6B11033B05D00FCF47C /* ODDataAdditions.m */ = {isa = PBXFileReference; fileEncoding = 4; lastKnownFileType = sourcecode.c.objc; path = ODDataAdditions.m; sourceTree = "<group>"; };
		3A9DD6B61033B0DE00FCF47C /* libz.dylib */ = {isa = PBXFileReference; lastKnownFileType = "compiled.mach-o.dylib"; name = libz.dylib; path = usr/lib/libz.dylib; sourceTree = SDKROOT; };
		3AD97CE41009B1490037DEC4 /* ODDateAdditions.h */ = {isa = PBXFileReference; fileEncoding = 4; lastKnownFileType = sourcecode.c.h; path = ODDateAdditions.h; sourceTree = "<group>"; };
		3AD97CE51009B1490037DEC4 /* ODDateAdditions.m */ = {isa = PBXFileReference; fileEncoding = 4; lastKnownFileType = sourcecode.c.objc; path = ODDateAdditions.m; sourceTree = "<group>"; };
		3AD97CFD1009B3BE0037DEC4 /* LogicTests.octest */ = {isa = PBXFileReference; explicitFileType = wrapper.cfbundle; includeInIndex = 0; path = LogicTests.octest; sourceTree = BUILT_PRODUCTS_DIR; };
		3AD97CFE1009B3BE0037DEC4 /* LogicTests-Info.plist */ = {isa = PBXFileReference; lastKnownFileType = text.plist.xml; path = "LogicTests-Info.plist"; sourceTree = "<group>"; };
		3AD97E231009F5F70037DEC4 /* ODDateAdditionsTests.h */ = {isa = PBXFileReference; fileEncoding = 4; lastKnownFileType = sourcecode.c.h; path = ODDateAdditionsTests.h; sourceTree = "<group>"; };
		3AD97E241009F5F70037DEC4 /* ODDateAdditionsTests.m */ = {isa = PBXFileReference; fileEncoding = 4; lastKnownFileType = sourcecode.c.objc; path = ODDateAdditionsTests.m; sourceTree = "<group>"; };
		3ADCDCE510198F7500657E4E /* TapDetectingView.h */ = {isa = PBXFileReference; fileEncoding = 4; lastKnownFileType = sourcecode.c.h; path = TapDetectingView.h; sourceTree = "<group>"; };
		3ADCDCE610198F7500657E4E /* TapDetectingView.m */ = {isa = PBXFileReference; fileEncoding = 4; lastKnownFileType = sourcecode.c.objc; path = TapDetectingView.m; sourceTree = "<group>"; };
		3AE36318100AC1820005FBA3 /* ODLoadingView.h */ = {isa = PBXFileReference; fileEncoding = 4; lastKnownFileType = sourcecode.c.h; path = ODLoadingView.h; sourceTree = "<group>"; };
		3AE36319100AC1820005FBA3 /* ODLoadingView.m */ = {isa = PBXFileReference; fileEncoding = 4; lastKnownFileType = sourcecode.c.objc; path = ODLoadingView.m; sourceTree = "<group>"; };
		3AEA333B1031429C008D6BE1 /* ODStringAdditions.h */ = {isa = PBXFileReference; fileEncoding = 4; lastKnownFileType = sourcecode.c.h; path = ODStringAdditions.h; sourceTree = "<group>"; };
		3AEA333C1031429C008D6BE1 /* ODStringAdditions.m */ = {isa = PBXFileReference; fileEncoding = 4; lastKnownFileType = sourcecode.c.objc; path = ODStringAdditions.m; sourceTree = "<group>"; };
		AA747D9E0F9514B9006C5449 /* ObjectiveDump_Prefix.pch */ = {isa = PBXFileReference; fileEncoding = 4; lastKnownFileType = sourcecode.c.h; path = ObjectiveDump_Prefix.pch; sourceTree = SOURCE_ROOT; };
		AACBBE490F95108600F1A2B1 /* Foundation.framework */ = {isa = PBXFileReference; lastKnownFileType = wrapper.framework; name = Foundation.framework; path = System/Library/Frameworks/Foundation.framework; sourceTree = SDKROOT; };
		D2AAC07E0554694100DB518D /* libObjectiveDump.a */ = {isa = PBXFileReference; explicitFileType = archive.ar; includeInIndex = 0; path = libObjectiveDump.a; sourceTree = BUILT_PRODUCTS_DIR; };
/* End PBXFileReference section */

/* Begin PBXFrameworksBuildPhase section */
		3AD97CFA1009B3BE0037DEC4 /* Frameworks */ = {
			isa = PBXFrameworksBuildPhase;
			buildActionMask = 2147483647;
			files = (
			);
			runOnlyForDeploymentPostprocessing = 0;
		};
		D2AAC07C0554694100DB518D /* Frameworks */ = {
			isa = PBXFrameworksBuildPhase;
			buildActionMask = 2147483647;
			files = (
				AACBBE4A0F95108600F1A2B1 /* Foundation.framework in Frameworks */,
				3A1E98AB0FFE1B5C00312CBC /* CFNetwork.framework in Frameworks */,
				3A1E98AD0FFE1B5C00312CBC /* CoreData.framework in Frameworks */,
				3A1E98AF0FFE1B5C00312CBC /* CoreFoundation.framework in Frameworks */,
				3A1E98B10FFE1B5C00312CBC /* CoreLocation.framework in Frameworks */,
				3A1E98B30FFE1B5C00312CBC /* MapKit.framework in Frameworks */,
				3A1E98B50FFE1B5C00312CBC /* QuartzCore.framework in Frameworks */,
				3A1E98B70FFE1B5C00312CBC /* SystemConfiguration.framework in Frameworks */,
				3A1E98B90FFE1B5C00312CBC /* UIKit.framework in Frameworks */,
				3A9DD6B71033B0DE00FCF47C /* libz.dylib in Frameworks */,
			);
			runOnlyForDeploymentPostprocessing = 0;
		};
/* End PBXFrameworksBuildPhase section */

/* Begin PBXGroup section */
		034768DFFF38A50411DB9C8B /* Products */ = {
			isa = PBXGroup;
			children = (
				D2AAC07E0554694100DB518D /* libObjectiveDump.a */,
				3AD97CFD1009B3BE0037DEC4 /* LogicTests.octest */,
			);
			name = Products;
			sourceTree = "<group>";
		};
		0867D691FE84028FC02AAC07 /* ObjectiveDump */ = {
			isa = PBXGroup;
			children = (
				3A1E98600FFE1A8300312CBC /* Source */,
				32C88DFF0371C24200C91783 /* Other Sources */,
				0867D69AFE84028FC02AAC07 /* Frameworks */,
				034768DFFF38A50411DB9C8B /* Products */,
				3A0345DE1007747F00A89785 /* UnitTests-Info.plist */,
				3AD97CFE1009B3BE0037DEC4 /* LogicTests-Info.plist */,
			);
			name = ObjectiveDump;
			sourceTree = "<group>";
		};
		0867D69AFE84028FC02AAC07 /* Frameworks */ = {
			isa = PBXGroup;
			children = (
				3A9DD6B61033B0DE00FCF47C /* libz.dylib */,
				3A1E98B80FFE1B5C00312CBC /* UIKit.framework */,
				3A1E98B60FFE1B5C00312CBC /* SystemConfiguration.framework */,
				3A1E98B40FFE1B5C00312CBC /* QuartzCore.framework */,
				3A1E98B20FFE1B5C00312CBC /* MapKit.framework */,
				3A1E98B00FFE1B5C00312CBC /* CoreLocation.framework */,
				3A1E98AE0FFE1B5C00312CBC /* CoreFoundation.framework */,
				3A1E98AC0FFE1B5C00312CBC /* CoreData.framework */,
				3A1E98AA0FFE1B5C00312CBC /* CFNetwork.framework */,
				AACBBE490F95108600F1A2B1 /* Foundation.framework */,
			);
			name = Frameworks;
			sourceTree = "<group>";
		};
		32C88DFF0371C24200C91783 /* Other Sources */ = {
			isa = PBXGroup;
			children = (
				AA747D9E0F9514B9006C5449 /* ObjectiveDump_Prefix.pch */,
			);
			name = "Other Sources";
			sourceTree = "<group>";
		};
		3A1E98600FFE1A8300312CBC /* Source */ = {
			isa = PBXGroup;
			children = (
				3A1E9B980FFE307600312CBC /* Main */,
			);
			path = Source;
			sourceTree = "<group>";
		};
		3A1E9A620FFE2AE600312CBC /* Network */ = {
			isa = PBXGroup;
			children = (
				3A1E9A670FFE2B1B00312CBC /* NSOperation */,
				3A1E9BB10FFE30C500312CBC /* NSHTTPCookieAdditions.h */,
				3A1E9BB20FFE30C500312CBC /* NSHTTPCookieAdditions.m */,
				3A1E9B9B0FFE30C500312CBC /* Base64.h */,
				3A1E9B9C0FFE30C500312CBC /* Base64.m */,
			);
			name = Network;
			path = ../..;
			sourceTree = "<group>";
		};
		3A1E9A650FFE2AFB00312CBC /* BaseControllers */ = {
			isa = PBXGroup;
			children = (
				3A946588104381C2008175DF /* Pin Annotation */,
				3A1E9C780FFE37C000312CBC /* DataSource */,
				3A1E9BA30FFE30C500312CBC /* BaseViewController.h */,
				3A1E9BA40FFE30C500312CBC /* BaseViewController.m */,
				3A94656810437C1A008175DF /* BaseMapViewController.h */,
				3A94656910437C1A008175DF /* BaseMapViewController.m */,
				3A1E9BA10FFE30C500312CBC /* BaseTableViewController.h */,
				3A1E9BA20FFE30C500312CBC /* BaseTableViewController.m */,
			);
			name = BaseControllers;
			path = ../..;
			sourceTree = "<group>";
		};
		3A1E9A660FFE2B0B00312CBC /* CoreData */ = {
			isa = PBXGroup;
			children = (
				3A1E9BA70FFE30C500312CBC /* CoreDataUtils.h */,
				3A1E9BA80FFE30C500312CBC /* CoreDataUtils.m */,
			);
			name = CoreData;
			path = ../..;
			sourceTree = "<group>";
		};
		3A1E9A670FFE2B1B00312CBC /* NSOperation */ = {
			isa = PBXGroup;
			children = (
				3A1E9BA50FFE30C500312CBC /* CoreDataDefaultOperation.h */,
				3A1E9BA60FFE30C500312CBC /* CoreDataDefaultOperation.m */,
				3A1E9BA90FFE30C500312CBC /* DefaultOperation.h */,
				3A1E9BAA0FFE30C500312CBC /* DefaultOperation.m */,
			);
			name = NSOperation;
			sourceTree = "<group>";
		};
		3A1E9A680FFE2B3200312CBC /* Other */ = {
			isa = PBXGroup;
			children = (
				3A1E9BAD0FFE30C500312CBC /* mk.h */,
				3A1E9BAE0FFE30C500312CBC /* mk.m */,
			);
			name = Other;
			path = ../..;
			sourceTree = "<group>";
		};
		3A1E9A690FFE2B4600312CBC /* CoreLocation */ = {
			isa = PBXGroup;
			children = (
				3A1E9BAF0FFE30C500312CBC /* MyLocationGetter.h */,
				3A1E9BB00FFE30C500312CBC /* MyLocationGetter.m */,
			);
			name = CoreLocation;
			path = ../..;
			sourceTree = "<group>";
		};
		3A1E9A6A0FFE2B6000312CBC /* Reachability */ = {
			isa = PBXGroup;
			children = (
				3A4062C7102069DD004CCA4C /* ODNetworkManager.h */,
				3A4062C8102069DD004CCA4C /* ODNetworkManager.m */,
				3A1E9BB30FFE30C500312CBC /* ODReachability.h */,
				3A1E9BB40FFE30C500312CBC /* ODReachability.m */,
			);
			name = Reachability;
			path = ../..;
			sourceTree = "<group>";
		};
		3A1E9B980FFE307600312CBC /* Main */ = {
			isa = PBXGroup;
			children = (
				3AD97E221009F5F70037DEC4 /* LogicTests */,
				3A1E9B990FFE307600312CBC /* OD */,
			);
			path = Main;
			sourceTree = "<group>";
		};
		3A1E9B990FFE307600312CBC /* OD */ = {
			isa = PBXGroup;
			children = (
				3A9DD6AF1033B04400FCF47C /* NSDate */,
				3AEA2E73102FCC87008D6BE1 /* String */,
				3AD97CE31009B1190037DEC4 /* Date */,
				3A1EAAE81002C77800312CBC /* Views */,
				3A4BC3D2101FD36A00551DED /* TableViewCell */,
				3A1E9A6A0FFE2B6000312CBC /* Reachability */,
				3A1E9A690FFE2B4600312CBC /* CoreLocation */,
				3A1E9A680FFE2B3200312CBC /* Other */,
				3A1E9A660FFE2B0B00312CBC /* CoreData */,
				3A1E9A650FFE2AFB00312CBC /* BaseControllers */,
				3A1E9A620FFE2AE600312CBC /* Network */,
			);
			path = OD;
			sourceTree = "<group>";
		};
		3A1E9C780FFE37C000312CBC /* DataSource */ = {
			isa = PBXGroup;
			children = (
				3A1E9C7B0FFE37D000312CBC /* BaseDataSource.h */,
				3A1E9C7C0FFE37D000312CBC /* BaseDataSource.m */,
				3A94656A10437C1A008175DF /* BaseMapViewDataSource.h */,
				3A94656B10437C1A008175DF /* BaseMapViewDataSource.m */,
			);
			name = DataSource;
			sourceTree = "<group>";
		};
		3A1EAAE81002C77800312CBC /* Views */ = {
			isa = PBXGroup;
			children = (
				3ADCDCE510198F7500657E4E /* TapDetectingView.h */,
				3ADCDCE610198F7500657E4E /* TapDetectingView.m */,
				3A1EAAE91002C7A100312CBC /* ODHeaderView.h */,
				3A1EAAEA1002C7A100312CBC /* ODHeaderView.m */,
				3AE36318100AC1820005FBA3 /* ODLoadingView.h */,
				3AE36319100AC1820005FBA3 /* ODLoadingView.m */,
			);
			name = Views;
			sourceTree = "<group>";
		};
		3A4BC3D2101FD36A00551DED /* TableViewCell */ = {
			isa = PBXGroup;
			children = (
				3A4BC3D3101FD38F00551DED /* ODShowMoreCell.h */,
				3A4BC3D4101FD38F00551DED /* ODShowMoreCell.m */,
			);
			name = TableViewCell;
			sourceTree = "<group>";
		};
		3A946588104381C2008175DF /* Pin Annotation */ = {
			isa = PBXGroup;
			children = (
				3A946589104381E5008175DF /* BasePinAnnotation.h */,
				3A94658A104381E5008175DF /* BasePinAnnotation.m */,
			);
			name = "Pin Annotation";
			sourceTree = "<group>";
		};
		3A9DD6AF1033B04400FCF47C /* NSDate */ = {
			isa = PBXGroup;
			children = (
				3A9DD6B01033B05D00FCF47C /* ODDataAdditions.h */,
				3A9DD6B11033B05D00FCF47C /* ODDataAdditions.m */,
			);
			name = NSDate;
			sourceTree = "<group>";
		};
		3AD97CE31009B1190037DEC4 /* Date */ = {
			isa = PBXGroup;
			children = (
				3AD97CE41009B1490037DEC4 /* ODDateAdditions.h */,
				3AD97CE51009B1490037DEC4 /* ODDateAdditions.m */,
			);
			name = Date;
			sourceTree = "<group>";
		};
		3AD97E221009F5F70037DEC4 /* LogicTests */ = {
			isa = PBXGroup;
			children = (
				3AD97E231009F5F70037DEC4 /* ODDateAdditionsTests.h */,
				3AD97E241009F5F70037DEC4 /* ODDateAdditionsTests.m */,
			);
			path = LogicTests;
			sourceTree = "<group>";
		};
		3AEA2E73102FCC87008D6BE1 /* String */ = {
			isa = PBXGroup;
			children = (
				3AEA333B1031429C008D6BE1 /* ODStringAdditions.h */,
				3AEA333C1031429C008D6BE1 /* ODStringAdditions.m */,
				3A1E9BAB0FFE30C500312CBC /* GloballyUniquePathStringAdditions.h */,
				3A1E9BAC0FFE30C500312CBC /* GloballyUniquePathStringAdditions.m */,
			);
			name = String;
			sourceTree = "<group>";
		};
/* End PBXGroup section */

/* Begin PBXHeadersBuildPhase section */
		D2AAC07A0554694100DB518D /* Headers */ = {
			isa = PBXHeadersBuildPhase;
			buildActionMask = 2147483647;
			files = (
				AA747D9F0F9514B9006C5449 /* ObjectiveDump_Prefix.pch in Headers */,
				3A1E9BB50FFE30C500312CBC /* Base64.h in Headers */,
				3A1E9BBB0FFE30C500312CBC /* BaseTableViewController.h in Headers */,
				3A1E9BBD0FFE30C500312CBC /* BaseViewController.h in Headers */,
				3A1E9BBF0FFE30C500312CBC /* CoreDataDefaultOperation.h in Headers */,
				3A1E9BC10FFE30C500312CBC /* CoreDataUtils.h in Headers */,
				3A1E9BC30FFE30C500312CBC /* DefaultOperation.h in Headers */,
				3A1E9BC50FFE30C500312CBC /* GloballyUniquePathStringAdditions.h in Headers */,
				3A1E9BC70FFE30C500312CBC /* mk.h in Headers */,
				3A1E9BC90FFE30C500312CBC /* MyLocationGetter.h in Headers */,
				3A1E9BCB0FFE30C500312CBC /* NSHTTPCookieAdditions.h in Headers */,
				3A1E9BCD0FFE30C500312CBC /* ODReachability.h in Headers */,
				3A1E9C7D0FFE37D000312CBC /* BaseDataSource.h in Headers */,
				3A1EAAEB1002C7A100312CBC /* ODHeaderView.h in Headers */,
				3AD97CE61009B1490037DEC4 /* ODDateAdditions.h in Headers */,
				3ADCDCE710198F7500657E4E /* TapDetectingView.h in Headers */,
				3A4BC3D5101FD38F00551DED /* ODShowMoreCell.h in Headers */,
				3A4062C9102069DD004CCA4C /* ODNetworkManager.h in Headers */,
				3AEA333D1031429C008D6BE1 /* ODStringAdditions.h in Headers */,
				3A9DD6B21033B05D00FCF47C /* ODDataAdditions.h in Headers */,
				3A94656C10437C1A008175DF /* BaseMapViewController.h in Headers */,
				3A94656E10437C1A008175DF /* BaseMapViewDataSource.h in Headers */,
				3A94658B104381E5008175DF /* BasePinAnnotation.h in Headers */,
			);
			runOnlyForDeploymentPostprocessing = 0;
		};
/* End PBXHeadersBuildPhase section */

/* Begin PBXNativeTarget section */
		3AD97CFC1009B3BE0037DEC4 /* LogicTests */ = {
			isa = PBXNativeTarget;
			buildConfigurationList = 3AD97D011009B3C10037DEC4 /* Build configuration list for PBXNativeTarget "LogicTests" */;
			buildPhases = (
				3AD97CF81009B3BE0037DEC4 /* Resources */,
				3AD97CF91009B3BE0037DEC4 /* Sources */,
				3AD97CFA1009B3BE0037DEC4 /* Frameworks */,
				3AD97CFB1009B3BE0037DEC4 /* ShellScript */,
			);
			buildRules = (
			);
			dependencies = (
			);
			name = LogicTests;
			productName = LogicTests;
			productReference = 3AD97CFD1009B3BE0037DEC4 /* LogicTests.octest */;
			productType = "com.apple.product-type.bundle";
		};
		D2AAC07D0554694100DB518D /* ObjectiveDump */ = {
			isa = PBXNativeTarget;
			buildConfigurationList = 1DEB921E08733DC00010E9CD /* Build configuration list for PBXNativeTarget "ObjectiveDump" */;
			buildPhases = (
				D2AAC07A0554694100DB518D /* Headers */,
				D2AAC07B0554694100DB518D /* Sources */,
				D2AAC07C0554694100DB518D /* Frameworks */,
			);
			buildRules = (
			);
			dependencies = (
			);
			name = ObjectiveDump;
			productName = ObjectiveDump;
			productReference = D2AAC07E0554694100DB518D /* libObjectiveDump.a */;
			productType = "com.apple.product-type.library.static";
		};
/* End PBXNativeTarget section */

/* Begin PBXProject section */
		0867D690FE84028FC02AAC07 /* Project object */ = {
			isa = PBXProject;
			buildConfigurationList = 1DEB922208733DC00010E9CD /* Build configuration list for PBXProject "ObjectiveDump" */;
			compatibilityVersion = "Xcode 3.1";
			hasScannedForEncodings = 1;
			mainGroup = 0867D691FE84028FC02AAC07 /* ObjectiveDump */;
			productRefGroup = 034768DFFF38A50411DB9C8B /* Products */;
			projectDirPath = "";
			projectRoot = "";
			targets = (
				D2AAC07D0554694100DB518D /* ObjectiveDump */,
				3AD97CFC1009B3BE0037DEC4 /* LogicTests */,
			);
		};
/* End PBXProject section */

/* Begin PBXResourcesBuildPhase section */
		3AD97CF81009B3BE0037DEC4 /* Resources */ = {
			isa = PBXResourcesBuildPhase;
			buildActionMask = 2147483647;
			files = (
			);
			runOnlyForDeploymentPostprocessing = 0;
		};
/* End PBXResourcesBuildPhase section */

/* Begin PBXShellScriptBuildPhase section */
		3AD97CFB1009B3BE0037DEC4 /* ShellScript */ = {
			isa = PBXShellScriptBuildPhase;
			buildActionMask = 2147483647;
			files = (
			);
			inputPaths = (
			);
			outputPaths = (
			);
			runOnlyForDeploymentPostprocessing = 0;
			shellPath = /bin/sh;
			shellScript = "# Run the unit tests in this test bundle.\n\"${SYSTEM_DEVELOPER_DIR}/Tools/RunUnitTests\"\n";
		};
/* End PBXShellScriptBuildPhase section */

/* Begin PBXSourcesBuildPhase section */
		3AD97CF91009B3BE0037DEC4 /* Sources */ = {
			isa = PBXSourcesBuildPhase;
			buildActionMask = 2147483647;
			files = (
				3AD97DB41009C0610037DEC4 /* ODDateAdditions.m in Sources */,
				3AD97E251009F5F70037DEC4 /* ODDateAdditionsTests.m in Sources */,
			);
			runOnlyForDeploymentPostprocessing = 0;
		};
		D2AAC07B0554694100DB518D /* Sources */ = {
			isa = PBXSourcesBuildPhase;
			buildActionMask = 2147483647;
			files = (
				3A1E9BB60FFE30C500312CBC /* Base64.m in Sources */,
				3A1E9BBC0FFE30C500312CBC /* BaseTableViewController.m in Sources */,
				3A1E9BBE0FFE30C500312CBC /* BaseViewController.m in Sources */,
				3A1E9BC00FFE30C500312CBC /* CoreDataDefaultOperation.m in Sources */,
				3AE36326100AC7880005FBA3 /* ODLoadingView.m in Sources */,
				3A1E9BC20FFE30C500312CBC /* CoreDataUtils.m in Sources */,
				3A1E9BC40FFE30C500312CBC /* DefaultOperation.m in Sources */,
				3A1E9BC60FFE30C500312CBC /* GloballyUniquePathStringAdditions.m in Sources */,
				3A1E9BC80FFE30C500312CBC /* mk.m in Sources */,
				3A1E9BCA0FFE30C500312CBC /* MyLocationGetter.m in Sources */,
				3A1E9BCC0FFE30C500312CBC /* NSHTTPCookieAdditions.m in Sources */,
				3A1E9BCE0FFE30C500312CBC /* ODReachability.m in Sources */,
				3A1E9C7E0FFE37D000312CBC /* BaseDataSource.m in Sources */,
				3A1EAAEC1002C7A100312CBC /* ODHeaderView.m in Sources */,
				3AD97CE71009B1490037DEC4 /* ODDateAdditions.m in Sources */,
				3ADCDCE810198F7500657E4E /* TapDetectingView.m in Sources */,
				3A4BC3D6101FD38F00551DED /* ODShowMoreCell.m in Sources */,
				3A4062CA102069DD004CCA4C /* ODNetworkManager.m in Sources */,
				3AEA333E1031429C008D6BE1 /* ODStringAdditions.m in Sources */,
				3A9DD6B31033B05D00FCF47C /* ODDataAdditions.m in Sources */,
				3A94656D10437C1A008175DF /* BaseMapViewController.m in Sources */,
				3A94656F10437C1A008175DF /* BaseMapViewDataSource.m in Sources */,
				3A94658C104381E5008175DF /* BasePinAnnotation.m in Sources */,
			);
			runOnlyForDeploymentPostprocessing = 0;
		};
/* End PBXSourcesBuildPhase section */

/* Begin XCBuildConfiguration section */
		1DEB921F08733DC00010E9CD /* Debug */ = {
			isa = XCBuildConfiguration;
			buildSettings = {
				ALWAYS_SEARCH_USER_PATHS = NO;
				ARCHS = "$(ARCHS_STANDARD_32_BIT)";
				COPY_PHASE_STRIP = NO;
				DSTROOT = /tmp/ObjectiveDump.dst;
				GCC_DYNAMIC_NO_PIC = NO;
				GCC_ENABLE_FIX_AND_CONTINUE = YES;
				GCC_MODEL_TUNING = G5;
				GCC_OPTIMIZATION_LEVEL = 0;
				GCC_PRECOMPILE_PREFIX_HEADER = YES;
				GCC_PREFIX_HEADER = ObjectiveDump_Prefix.pch;
				INSTALL_PATH = /usr/local/lib;
				PRODUCT_NAME = ObjectiveDump;
			};
			name = Debug;
		};
		1DEB922008733DC00010E9CD /* Release */ = {
			isa = XCBuildConfiguration;
			buildSettings = {
				ALWAYS_SEARCH_USER_PATHS = NO;
				ARCHS = "$(ARCHS_STANDARD_32_BIT)";
				DSTROOT = /tmp/ObjectiveDump.dst;
				GCC_MODEL_TUNING = G5;
				GCC_PRECOMPILE_PREFIX_HEADER = YES;
				GCC_PREFIX_HEADER = ObjectiveDump_Prefix.pch;
				INSTALL_PATH = /usr/local/lib;
				PRODUCT_NAME = ObjectiveDump;
			};
			name = Release;
		};
		1DEB922308733DC00010E9CD /* Debug */ = {
			isa = XCBuildConfiguration;
			buildSettings = {
				ARCHS = "$(ARCHS_STANDARD_32_BIT)";
				GCC_C_LANGUAGE_STANDARD = c99;
				GCC_OPTIMIZATION_LEVEL = 0;
				GCC_VERSION = "";
				GCC_WARN_ABOUT_RETURN_TYPE = YES;
				GCC_WARN_UNUSED_VARIABLE = YES;
				OTHER_CFLAGS = "-DDEBUG";
				OTHER_LDFLAGS = "-ObjC";
				PREBINDING = NO;
				SDKROOT = iphoneos3.0;
			};
			name = Debug;
		};
		1DEB922408733DC00010E9CD /* Release */ = {
			isa = XCBuildConfiguration;
			buildSettings = {
				ARCHS = "$(ARCHS_STANDARD_32_BIT)";
				GCC_C_LANGUAGE_STANDARD = c99;
				GCC_VERSION = com.apple.compilers.llvm.clang.1_0;
				GCC_WARN_ABOUT_RETURN_TYPE = YES;
				GCC_WARN_UNUSED_VARIABLE = YES;
				OTHER_LDFLAGS = "-ObjC";
				PREBINDING = NO;
				SDKROOT = iphoneos3.0;
			};
			name = Release;
		};
		3AD97CFF1009B3C00037DEC4 /* Debug */ = {
			isa = XCBuildConfiguration;
			buildSettings = {
				ALWAYS_SEARCH_USER_PATHS = NO;
				COPY_PHASE_STRIP = NO;
				FRAMEWORK_SEARCH_PATHS = "$(DEVELOPER_LIBRARY_DIR)/Frameworks";
				GCC_DYNAMIC_NO_PIC = NO;
				GCC_ENABLE_FIX_AND_CONTINUE = NO;
				GCC_ENABLE_OBJC_EXCEPTIONS = YES;
				GCC_OPTIMIZATION_LEVEL = 0;
				INFOPLIST_FILE = "LogicTests-Info.plist";
				OTHER_LDFLAGS = (
					"-framework",
					Foundation,
					"-framework",
					SenTestingKit,
					"-framework",
					UIKit,
				);
				PREBINDING = NO;
				PRODUCT_NAME = LogicTests;
				WRAPPER_EXTENSION = octest;
			};
			name = Debug;
		};
		3AD97D001009B3C00037DEC4 /* Release */ = {
			isa = XCBuildConfiguration;
			buildSettings = {
				ALWAYS_SEARCH_USER_PATHS = NO;
				COPY_PHASE_STRIP = YES;
				DEBUG_INFORMATION_FORMAT = "dwarf-with-dsym";
				FRAMEWORK_SEARCH_PATHS = "$(DEVELOPER_LIBRARY_DIR)/Frameworks";
				GCC_ENABLE_FIX_AND_CONTINUE = NO;
				GCC_ENABLE_OBJC_EXCEPTIONS = YES;
				INFOPLIST_FILE = "LogicTests-Info.plist";
				OTHER_LDFLAGS = (
					"-framework",
					Foundation,
					"-framework",
					SenTestingKit,
					"-framework",
					UIKit,
				);
				PREBINDING = NO;
				PRODUCT_NAME = LogicTests;
				WRAPPER_EXTENSION = octest;
				ZERO_LINK = NO;
			};
			name = Release;
		};
/* End XCBuildConfiguration section */

/* Begin XCConfigurationList section */
		1DEB921E08733DC00010E9CD /* Build configuration list for PBXNativeTarget "ObjectiveDump" */ = {
			isa = XCConfigurationList;
			buildConfigurations = (
				1DEB921F08733DC00010E9CD /* Debug */,
				1DEB922008733DC00010E9CD /* Release */,
			);
			defaultConfigurationIsVisible = 0;
			defaultConfigurationName = Release;
		};
		1DEB922208733DC00010E9CD /* Build configuration list for PBXProject "ObjectiveDump" */ = {
			isa = XCConfigurationList;
			buildConfigurations = (
				1DEB922308733DC00010E9CD /* Debug */,
				1DEB922408733DC00010E9CD /* Release */,
			);
			defaultConfigurationIsVisible = 0;
			defaultConfigurationName = Release;
		};
		3AD97D011009B3C10037DEC4 /* Build configuration list for PBXNativeTarget "LogicTests" */ = {
			isa = XCConfigurationList;
			buildConfigurations = (
				3AD97CFF1009B3C00037DEC4 /* Debug */,
				3AD97D001009B3C00037DEC4 /* Release */,
			);
			defaultConfigurationIsVisible = 0;
			defaultConfigurationName = Release;
		};
/* End XCConfigurationList section */
	};
	rootObject = 0867D690FE84028FC02AAC07 /* Project object */;
}
